// !$*UTF8*$!
{
	archiveVersion = 1;
	classes = {
	};
	objectVersion = 56;
	objects = {

/* Begin PBXBuildFile section */
		42C57DFA5D2BAF20D539F8E5 /* libPods-ios-ass3-promotion-network.a in Frameworks */ = {isa = PBXBuildFile; fileRef = FA4309B25D7BCBAC4A609204 /* libPods-ios-ass3-promotion-network.a */; };
		E81746A22A0A34F1002851A7 /* Test.rtf in Resources */ = {isa = PBXBuildFile; fileRef = E81746A12A0A34F1002851A7 /* Test.rtf */; };
		E88AFDAE2A13D7470087024A /* Functions.swift in Sources */ = {isa = PBXBuildFile; fileRef = E88AFDAD2A13D7470087024A /* Functions.swift */; };
		E89517302A126B9800F111E7 /* TableViewCellPosts.swift in Sources */ = {isa = PBXBuildFile; fileRef = E895172F2A126B9800F111E7 /* TableViewCellPosts.swift */; };
		E8A7F41D2A1200E9003D3D93 /* User.swift in Sources */ = {isa = PBXBuildFile; fileRef = E8A7F41C2A1200E9003D3D93 /* User.swift */; };
		E8A7F41F2A1200F2003D3D93 /* LoginSession.swift in Sources */ = {isa = PBXBuildFile; fileRef = E8A7F41E2A1200F2003D3D93 /* LoginSession.swift */; };
		E8A7F4212A1200FD003D3D93 /* LikedPost.swift in Sources */ = {isa = PBXBuildFile; fileRef = E8A7F4202A1200FD003D3D93 /* LikedPost.swift */; };
		E8A7F4232A120109003D3D93 /* Post.swift in Sources */ = {isa = PBXBuildFile; fileRef = E8A7F4222A120109003D3D93 /* Post.swift */; };
		E8A7F4252A120114003D3D93 /* UserFollow.swift in Sources */ = {isa = PBXBuildFile; fileRef = E8A7F4242A120114003D3D93 /* UserFollow.swift */; };
		E8A7F4282A12034A003D3D93 /* JSONDummyDataReader.swift in Sources */ = {isa = PBXBuildFile; fileRef = E8A7F4272A12034A003D3D93 /* JSONDummyDataReader.swift */; };
		E8EEEF5A2A11F25400D8F5E0 /* CreateProfileViewController.swift in Sources */ = {isa = PBXBuildFile; fileRef = E8EEEF592A11F25400D8F5E0 /* CreateProfileViewController.swift */; };
		E8EEEF5C2A11F2A700D8F5E0 /* ViewProfileViewController.swift in Sources */ = {isa = PBXBuildFile; fileRef = E8EEEF5B2A11F2A700D8F5E0 /* ViewProfileViewController.swift */; };
		E8EEEF5E2A11F2BF00D8F5E0 /* ViewPostViewController.swift in Sources */ = {isa = PBXBuildFile; fileRef = E8EEEF5D2A11F2BF00D8F5E0 /* ViewPostViewController.swift */; };
		E8EEEF602A11F2CF00D8F5E0 /* SettingsViewController.swift in Sources */ = {isa = PBXBuildFile; fileRef = E8EEEF5F2A11F2CF00D8F5E0 /* SettingsViewController.swift */; };
		E8EEEF622A11F3A000D8F5E0 /* SearchPostsViewController.swift in Sources */ = {isa = PBXBuildFile; fileRef = E8EEEF612A11F3A000D8F5E0 /* SearchPostsViewController.swift */; };
		E8EEEF642A11F41F00D8F5E0 /* HomeViewController.swift in Sources */ = {isa = PBXBuildFile; fileRef = E8EEEF632A11F41F00D8F5E0 /* HomeViewController.swift */; };
		E8EEEF662A11F68F00D8F5E0 /* SearchAccountsViewController.swift in Sources */ = {isa = PBXBuildFile; fileRef = E8EEEF652A11F68F00D8F5E0 /* SearchAccountsViewController.swift */; };
		E8EEEF682A11F7C700D8F5E0 /* CreatePostViewController.swift in Sources */ = {isa = PBXBuildFile; fileRef = E8EEEF672A11F7C700D8F5E0 /* CreatePostViewController.swift */; };
		E8EEEF6A2A11F80900D8F5E0 /* AboutViewController.swift in Sources */ = {isa = PBXBuildFile; fileRef = E8EEEF692A11F80900D8F5E0 /* AboutViewController.swift */; };
		E8EEEF6C2A11F81300D8F5E0 /* LogoutViewController.swift in Sources */ = {isa = PBXBuildFile; fileRef = E8EEEF6B2A11F81300D8F5E0 /* LogoutViewController.swift */; };
		F1A579AD2A00F407001F803F /* AppDelegate.swift in Sources */ = {isa = PBXBuildFile; fileRef = F1A579AC2A00F407001F803F /* AppDelegate.swift */; };
		F1A579AF2A00F407001F803F /* SceneDelegate.swift in Sources */ = {isa = PBXBuildFile; fileRef = F1A579AE2A00F407001F803F /* SceneDelegate.swift */; };
		F1A579B12A00F407001F803F /* LoginViewController.swift in Sources */ = {isa = PBXBuildFile; fileRef = F1A579B02A00F407001F803F /* LoginViewController.swift */; };
		F1A579B42A00F407001F803F /* Main.storyboard in Resources */ = {isa = PBXBuildFile; fileRef = F1A579B22A00F407001F803F /* Main.storyboard */; };
		F1A579B72A00F407001F803F /* ios_ass3_promotion_network.xcdatamodeld in Sources */ = {isa = PBXBuildFile; fileRef = F1A579B52A00F407001F803F /* ios_ass3_promotion_network.xcdatamodeld */; };
		F1A579B92A00F40B001F803F /* Assets.xcassets in Resources */ = {isa = PBXBuildFile; fileRef = F1A579B82A00F40B001F803F /* Assets.xcassets */; };
		F1A579BC2A00F40B001F803F /* LaunchScreen.storyboard in Resources */ = {isa = PBXBuildFile; fileRef = F1A579BA2A00F40B001F803F /* LaunchScreen.storyboard */; };
/* End PBXBuildFile section */

/* Begin PBXFileReference section */
		0EE2948C5A3404688EBC2388 /* Pods-ios-ass3-promotion-network.debug.xcconfig */ = {isa = PBXFileReference; includeInIndex = 1; lastKnownFileType = text.xcconfig; name = "Pods-ios-ass3-promotion-network.debug.xcconfig"; path = "Target Support Files/Pods-ios-ass3-promotion-network/Pods-ios-ass3-promotion-network.debug.xcconfig"; sourceTree = "<group>"; };
		54DA7B9E4A6CD99B3E119824 /* Pods-ios-ass3-promotion-network.release.xcconfig */ = {isa = PBXFileReference; includeInIndex = 1; lastKnownFileType = text.xcconfig; name = "Pods-ios-ass3-promotion-network.release.xcconfig"; path = "Target Support Files/Pods-ios-ass3-promotion-network/Pods-ios-ass3-promotion-network.release.xcconfig"; sourceTree = "<group>"; };
		E81746A12A0A34F1002851A7 /* Test.rtf */ = {isa = PBXFileReference; lastKnownFileType = text.rtf; path = Test.rtf; sourceTree = "<group>"; };
		E88AFDAD2A13D7470087024A /* Functions.swift */ = {isa = PBXFileReference; lastKnownFileType = sourcecode.swift; path = Functions.swift; sourceTree = "<group>"; };
		E895172F2A126B9800F111E7 /* TableViewCellPosts.swift */ = {isa = PBXFileReference; lastKnownFileType = sourcecode.swift; path = TableViewCellPosts.swift; sourceTree = "<group>"; };
		E8A7F41C2A1200E9003D3D93 /* User.swift */ = {isa = PBXFileReference; lastKnownFileType = sourcecode.swift; path = User.swift; sourceTree = "<group>"; };
		E8A7F41E2A1200F2003D3D93 /* LoginSession.swift */ = {isa = PBXFileReference; lastKnownFileType = sourcecode.swift; path = LoginSession.swift; sourceTree = "<group>"; };
		E8A7F4202A1200FD003D3D93 /* LikedPost.swift */ = {isa = PBXFileReference; lastKnownFileType = sourcecode.swift; path = LikedPost.swift; sourceTree = "<group>"; };
		E8A7F4222A120109003D3D93 /* Post.swift */ = {isa = PBXFileReference; lastKnownFileType = sourcecode.swift; path = Post.swift; sourceTree = "<group>"; };
		E8A7F4242A120114003D3D93 /* UserFollow.swift */ = {isa = PBXFileReference; lastKnownFileType = sourcecode.swift; path = UserFollow.swift; sourceTree = "<group>"; };
		E8A7F4272A12034A003D3D93 /* JSONDummyDataReader.swift */ = {isa = PBXFileReference; lastKnownFileType = sourcecode.swift; path = JSONDummyDataReader.swift; sourceTree = "<group>"; };
		E8EEEF592A11F25400D8F5E0 /* CreateProfileViewController.swift */ = {isa = PBXFileReference; lastKnownFileType = sourcecode.swift; path = CreateProfileViewController.swift; sourceTree = "<group>"; };
		E8EEEF5B2A11F2A700D8F5E0 /* ViewProfileViewController.swift */ = {isa = PBXFileReference; lastKnownFileType = sourcecode.swift; path = ViewProfileViewController.swift; sourceTree = "<group>"; };
		E8EEEF5D2A11F2BF00D8F5E0 /* ViewPostViewController.swift */ = {isa = PBXFileReference; lastKnownFileType = sourcecode.swift; path = ViewPostViewController.swift; sourceTree = "<group>"; };
		E8EEEF5F2A11F2CF00D8F5E0 /* SettingsViewController.swift */ = {isa = PBXFileReference; lastKnownFileType = sourcecode.swift; path = SettingsViewController.swift; sourceTree = "<group>"; };
		E8EEEF612A11F3A000D8F5E0 /* SearchPostsViewController.swift */ = {isa = PBXFileReference; lastKnownFileType = sourcecode.swift; path = SearchPostsViewController.swift; sourceTree = "<group>"; };
		E8EEEF632A11F41F00D8F5E0 /* HomeViewController.swift */ = {isa = PBXFileReference; lastKnownFileType = sourcecode.swift; path = HomeViewController.swift; sourceTree = "<group>"; };
		E8EEEF652A11F68F00D8F5E0 /* SearchAccountsViewController.swift */ = {isa = PBXFileReference; lastKnownFileType = sourcecode.swift; path = SearchAccountsViewController.swift; sourceTree = "<group>"; };
		E8EEEF672A11F7C700D8F5E0 /* CreatePostViewController.swift */ = {isa = PBXFileReference; lastKnownFileType = sourcecode.swift; path = CreatePostViewController.swift; sourceTree = "<group>"; };
		E8EEEF692A11F80900D8F5E0 /* AboutViewController.swift */ = {isa = PBXFileReference; lastKnownFileType = sourcecode.swift; path = AboutViewController.swift; sourceTree = "<group>"; };
		E8EEEF6B2A11F81300D8F5E0 /* LogoutViewController.swift */ = {isa = PBXFileReference; lastKnownFileType = sourcecode.swift; path = LogoutViewController.swift; sourceTree = "<group>"; };
		F1A579A92A00F407001F803F /* ios-ass3-promotion-network.app */ = {isa = PBXFileReference; explicitFileType = wrapper.application; includeInIndex = 0; path = "ios-ass3-promotion-network.app"; sourceTree = BUILT_PRODUCTS_DIR; };
		F1A579AC2A00F407001F803F /* AppDelegate.swift */ = {isa = PBXFileReference; lastKnownFileType = sourcecode.swift; path = AppDelegate.swift; sourceTree = "<group>"; };
		F1A579AE2A00F407001F803F /* SceneDelegate.swift */ = {isa = PBXFileReference; lastKnownFileType = sourcecode.swift; path = SceneDelegate.swift; sourceTree = "<group>"; };
		F1A579B02A00F407001F803F /* LoginViewController.swift */ = {isa = PBXFileReference; lastKnownFileType = sourcecode.swift; path = LoginViewController.swift; sourceTree = "<group>"; };
		F1A579B32A00F407001F803F /* Base */ = {isa = PBXFileReference; lastKnownFileType = file.storyboard; name = Base; path = Base.lproj/Main.storyboard; sourceTree = "<group>"; };
		F1A579B62A00F407001F803F /* ios_ass3_promotion_network.xcdatamodel */ = {isa = PBXFileReference; lastKnownFileType = wrapper.xcdatamodel; path = ios_ass3_promotion_network.xcdatamodel; sourceTree = "<group>"; };
		F1A579B82A00F40B001F803F /* Assets.xcassets */ = {isa = PBXFileReference; lastKnownFileType = folder.assetcatalog; path = Assets.xcassets; sourceTree = "<group>"; };
		F1A579BB2A00F40B001F803F /* Base */ = {isa = PBXFileReference; lastKnownFileType = file.storyboard; name = Base; path = Base.lproj/LaunchScreen.storyboard; sourceTree = "<group>"; };
		F1A579BD2A00F40B001F803F /* Info.plist */ = {isa = PBXFileReference; lastKnownFileType = text.plist.xml; path = Info.plist; sourceTree = "<group>"; };
		FA4309B25D7BCBAC4A609204 /* libPods-ios-ass3-promotion-network.a */ = {isa = PBXFileReference; explicitFileType = archive.ar; includeInIndex = 0; path = "libPods-ios-ass3-promotion-network.a"; sourceTree = BUILT_PRODUCTS_DIR; };
/* End PBXFileReference section */

/* Begin PBXFrameworksBuildPhase section */
		F1A579A62A00F407001F803F /* Frameworks */ = {
			isa = PBXFrameworksBuildPhase;
			buildActionMask = 2147483647;
			files = (
				42C57DFA5D2BAF20D539F8E5 /* libPods-ios-ass3-promotion-network.a in Frameworks */,
			);
			runOnlyForDeploymentPostprocessing = 0;
		};
/* End PBXFrameworksBuildPhase section */

/* Begin PBXGroup section */
		B56BF47F2E8BB08145412823 /* Pods */ = {
			isa = PBXGroup;
			children = (
				0EE2948C5A3404688EBC2388 /* Pods-ios-ass3-promotion-network.debug.xcconfig */,
				54DA7B9E4A6CD99B3E119824 /* Pods-ios-ass3-promotion-network.release.xcconfig */,
			);
			path = Pods;
			sourceTree = "<group>";
		};
		E89517342A12776900F111E7 /* HomeViewController */ = {
			isa = PBXGroup;
			children = (
				E8EEEF632A11F41F00D8F5E0 /* HomeViewController.swift */,
				E895172F2A126B9800F111E7 /* TableViewCellPosts.swift */,
			);
			path = HomeViewController;
			sourceTree = "<group>";
		};
		E8A7F41B2A1200D5003D3D93 /* Model */ = {
			isa = PBXGroup;
			children = (
				E8A7F41C2A1200E9003D3D93 /* User.swift */,
				E8A7F41E2A1200F2003D3D93 /* LoginSession.swift */,
				E8A7F4202A1200FD003D3D93 /* LikedPost.swift */,
				E8A7F4222A120109003D3D93 /* Post.swift */,
				E8A7F4242A120114003D3D93 /* UserFollow.swift */,
			);
			path = Model;
			sourceTree = "<group>";
		};
		E8A7F4262A120337003D3D93 /* Helpers */ = {
			isa = PBXGroup;
			children = (
				E8A7F4272A12034A003D3D93 /* JSONDummyDataReader.swift */,
				E88AFDAD2A13D7470087024A /* Functions.swift */,
			);
			path = Helpers;
			sourceTree = "<group>";
		};
		E8E3B1660AF25747D207E85D /* Frameworks */ = {
			isa = PBXGroup;
			children = (
				FA4309B25D7BCBAC4A609204 /* libPods-ios-ass3-promotion-network.a */,
			);
			name = Frameworks;
			sourceTree = "<group>";
		};
		E8EEEF582A11F02200D8F5E0 /* Controller */ = {
			isa = PBXGroup;
			children = (
				E89517342A12776900F111E7 /* HomeViewController */,
				F1A579B02A00F407001F803F /* LoginViewController.swift */,
				E8EEEF592A11F25400D8F5E0 /* CreateProfileViewController.swift */,
				E8EEEF5B2A11F2A700D8F5E0 /* ViewProfileViewController.swift */,
				E8EEEF5D2A11F2BF00D8F5E0 /* ViewPostViewController.swift */,
				E8EEEF5F2A11F2CF00D8F5E0 /* SettingsViewController.swift */,
				E8EEEF612A11F3A000D8F5E0 /* SearchPostsViewController.swift */,
				E8EEEF652A11F68F00D8F5E0 /* SearchAccountsViewController.swift */,
				E8EEEF672A11F7C700D8F5E0 /* CreatePostViewController.swift */,
				E8EEEF692A11F80900D8F5E0 /* AboutViewController.swift */,
				E8EEEF6B2A11F81300D8F5E0 /* LogoutViewController.swift */,
			);
			path = Controller;
			sourceTree = "<group>";
		};
		F1A579A02A00F407001F803F = {
			isa = PBXGroup;
			children = (
				F1A579AB2A00F407001F803F /* ios-ass3-promotion-network */,
				F1A579AA2A00F407001F803F /* Products */,
				B56BF47F2E8BB08145412823 /* Pods */,
				E8E3B1660AF25747D207E85D /* Frameworks */,
			);
			sourceTree = "<group>";
		};
		F1A579AA2A00F407001F803F /* Products */ = {
			isa = PBXGroup;
			children = (
				F1A579A92A00F407001F803F /* ios-ass3-promotion-network.app */,
			);
			name = Products;
			sourceTree = "<group>";
		};
		F1A579AB2A00F407001F803F /* ios-ass3-promotion-network */ = {
			isa = PBXGroup;
			children = (
				E8A7F4262A120337003D3D93 /* Helpers */,
				E8A7F41B2A1200D5003D3D93 /* Model */,
				E8EEEF582A11F02200D8F5E0 /* Controller */,
				F1A579AC2A00F407001F803F /* AppDelegate.swift */,
				F1A579AE2A00F407001F803F /* SceneDelegate.swift */,
				F1A579B22A00F407001F803F /* Main.storyboard */,
				F1A579B82A00F40B001F803F /* Assets.xcassets */,
				F1A579BA2A00F40B001F803F /* LaunchScreen.storyboard */,
				F1A579BD2A00F40B001F803F /* Info.plist */,
				F1A579B52A00F407001F803F /* ios_ass3_promotion_network.xcdatamodeld */,
				E81746A12A0A34F1002851A7 /* Test.rtf */,
			);
			path = "ios-ass3-promotion-network";
			sourceTree = "<group>";
		};
/* End PBXGroup section */

/* Begin PBXNativeTarget section */
		F1A579A82A00F407001F803F /* ios-ass3-promotion-network */ = {
			isa = PBXNativeTarget;
			buildConfigurationList = F1A579C02A00F40B001F803F /* Build configuration list for PBXNativeTarget "ios-ass3-promotion-network" */;
			buildPhases = (
				02F54617BE42B1C6F805E726 /* [CP] Check Pods Manifest.lock */,
				F1A579A52A00F407001F803F /* Sources */,
				F1A579A62A00F407001F803F /* Frameworks */,
				F1A579A72A00F407001F803F /* Resources */,
				3214F2681CFAEBCF3322D7FF /* [CP] Copy Pods Resources */,
			);
			buildRules = (
			);
			dependencies = (
			);
			name = "ios-ass3-promotion-network";
			productName = "ios-ass3-promotion-network";
			productReference = F1A579A92A00F407001F803F /* ios-ass3-promotion-network.app */;
			productType = "com.apple.product-type.application";
		};
/* End PBXNativeTarget section */

/* Begin PBXProject section */
		F1A579A12A00F407001F803F /* Project object */ = {
			isa = PBXProject;
			attributes = {
				BuildIndependentTargetsInParallel = 1;
				LastSwiftUpdateCheck = 1420;
				LastUpgradeCheck = 1420;
				TargetAttributes = {
					F1A579A82A00F407001F803F = {
						CreatedOnToolsVersion = 14.2;
					};
				};
			};
			buildConfigurationList = F1A579A42A00F407001F803F /* Build configuration list for PBXProject "ios-ass3-promotion-network" */;
			compatibilityVersion = "Xcode 14.0";
			developmentRegion = en;
			hasScannedForEncodings = 0;
			knownRegions = (
				en,
				Base,
			);
			mainGroup = F1A579A02A00F407001F803F;
			productRefGroup = F1A579AA2A00F407001F803F /* Products */;
			projectDirPath = "";
			projectRoot = "";
			targets = (
				F1A579A82A00F407001F803F /* ios-ass3-promotion-network */,
			);
		};
/* End PBXProject section */

/* Begin PBXResourcesBuildPhase section */
		F1A579A72A00F407001F803F /* Resources */ = {
			isa = PBXResourcesBuildPhase;
			buildActionMask = 2147483647;
			files = (
				F1A579BC2A00F40B001F803F /* LaunchScreen.storyboard in Resources */,
				F1A579B92A00F40B001F803F /* Assets.xcassets in Resources */,
				E81746A22A0A34F1002851A7 /* Test.rtf in Resources */,
				F1A579B42A00F407001F803F /* Main.storyboard in Resources */,
			);
			runOnlyForDeploymentPostprocessing = 0;
		};
/* End PBXResourcesBuildPhase section */

/* Begin PBXShellScriptBuildPhase section */
		02F54617BE42B1C6F805E726 /* [CP] Check Pods Manifest.lock */ = {
			isa = PBXShellScriptBuildPhase;
			buildActionMask = 2147483647;
			files = (
			);
			inputFileListPaths = (
			);
			inputPaths = (
				"${PODS_PODFILE_DIR_PATH}/Podfile.lock",
				"${PODS_ROOT}/Manifest.lock",
			);
			name = "[CP] Check Pods Manifest.lock";
			outputFileListPaths = (
			);
			outputPaths = (
				"$(DERIVED_FILE_DIR)/Pods-ios-ass3-promotion-network-checkManifestLockResult.txt",
			);
			runOnlyForDeploymentPostprocessing = 0;
			shellPath = /bin/sh;
			shellScript = "diff \"${PODS_PODFILE_DIR_PATH}/Podfile.lock\" \"${PODS_ROOT}/Manifest.lock\" > /dev/null\nif [ $? != 0 ] ; then\n    # print error to STDERR\n    echo \"error: The sandbox is not in sync with the Podfile.lock. Run 'pod install' or update your CocoaPods installation.\" >&2\n    exit 1\nfi\n# This output is used by Xcode 'outputs' to avoid re-running this script phase.\necho \"SUCCESS\" > \"${SCRIPT_OUTPUT_FILE_0}\"\n";
			showEnvVarsInLog = 0;
		};
		3214F2681CFAEBCF3322D7FF /* [CP] Copy Pods Resources */ = {
			isa = PBXShellScriptBuildPhase;
			buildActionMask = 2147483647;
			files = (
			);
			inputFileListPaths = (
				"${PODS_ROOT}/Target Support Files/Pods-ios-ass3-promotion-network/Pods-ios-ass3-promotion-network-resources-${CONFIGURATION}-input-files.xcfilelist",
			);
			name = "[CP] Copy Pods Resources";
			outputFileListPaths = (
				"${PODS_ROOT}/Target Support Files/Pods-ios-ass3-promotion-network/Pods-ios-ass3-promotion-network-resources-${CONFIGURATION}-output-files.xcfilelist",
			);
			runOnlyForDeploymentPostprocessing = 0;
			shellPath = /bin/sh;
			shellScript = "\"${PODS_ROOT}/Target Support Files/Pods-ios-ass3-promotion-network/Pods-ios-ass3-promotion-network-resources.sh\"\n";
			showEnvVarsInLog = 0;
		};
/* End PBXShellScriptBuildPhase section */

/* Begin PBXSourcesBuildPhase section */
		F1A579A52A00F407001F803F /* Sources */ = {
			isa = PBXSourcesBuildPhase;
			buildActionMask = 2147483647;
			files = (
				F1A579B12A00F407001F803F /* LoginViewController.swift in Sources */,
				E89517302A126B9800F111E7 /* TableViewCellPosts.swift in Sources */,
				E8EEEF5E2A11F2BF00D8F5E0 /* ViewPostViewController.swift in Sources */,
				E8A7F4212A1200FD003D3D93 /* LikedPost.swift in Sources */,
				E8EEEF5C2A11F2A700D8F5E0 /* ViewProfileViewController.swift in Sources */,
				E8EEEF622A11F3A000D8F5E0 /* SearchPostsViewController.swift in Sources */,
				E8EEEF6C2A11F81300D8F5E0 /* LogoutViewController.swift in Sources */,
				F1A579AD2A00F407001F803F /* AppDelegate.swift in Sources */,
				E8EEEF642A11F41F00D8F5E0 /* HomeViewController.swift in Sources */,
				F1A579B72A00F407001F803F /* ios_ass3_promotion_network.xcdatamodeld in Sources */,
				E8A7F41D2A1200E9003D3D93 /* User.swift in Sources */,
				E88AFDAE2A13D7470087024A /* Functions.swift in Sources */,
				E8EEEF5A2A11F25400D8F5E0 /* CreateProfileViewController.swift in Sources */,
				E8A7F41F2A1200F2003D3D93 /* LoginSession.swift in Sources */,
				F1A579AF2A00F407001F803F /* SceneDelegate.swift in Sources */,
				E8EEEF662A11F68F00D8F5E0 /* SearchAccountsViewController.swift in Sources */,
				E8EEEF682A11F7C700D8F5E0 /* CreatePostViewController.swift in Sources */,
				E8A7F4232A120109003D3D93 /* Post.swift in Sources */,
				E8A7F4282A12034A003D3D93 /* JSONDummyDataReader.swift in Sources */,
				E8A7F4252A120114003D3D93 /* UserFollow.swift in Sources */,
				E8EEEF6A2A11F80900D8F5E0 /* AboutViewController.swift in Sources */,
				E8EEEF602A11F2CF00D8F5E0 /* SettingsViewController.swift in Sources */,
			);
			runOnlyForDeploymentPostprocessing = 0;
		};
/* End PBXSourcesBuildPhase section */

/* Begin PBXVariantGroup section */
		F1A579B22A00F407001F803F /* Main.storyboard */ = {
			isa = PBXVariantGroup;
			children = (
				F1A579B32A00F407001F803F /* Base */,
			);
			name = Main.storyboard;
			sourceTree = "<group>";
		};
		F1A579BA2A00F40B001F803F /* LaunchScreen.storyboard */ = {
			isa = PBXVariantGroup;
			children = (
				F1A579BB2A00F40B001F803F /* Base */,
			);
			name = LaunchScreen.storyboard;
			sourceTree = "<group>";
		};
/* End PBXVariantGroup section */

/* Begin XCBuildConfiguration section */
		F1A579BE2A00F40B001F803F /* Debug */ = {
			isa = XCBuildConfiguration;
			buildSettings = {
				ALWAYS_SEARCH_USER_PATHS = NO;
				CLANG_ANALYZER_NONNULL = YES;
				CLANG_ANALYZER_NUMBER_OBJECT_CONVERSION = YES_AGGRESSIVE;
				CLANG_CXX_LANGUAGE_STANDARD = "gnu++20";
				CLANG_ENABLE_MODULES = YES;
				CLANG_ENABLE_OBJC_ARC = YES;
				CLANG_ENABLE_OBJC_WEAK = YES;
				CLANG_WARN_BLOCK_CAPTURE_AUTORELEASING = YES;
				CLANG_WARN_BOOL_CONVERSION = YES;
				CLANG_WARN_COMMA = YES;
				CLANG_WARN_CONSTANT_CONVERSION = YES;
				CLANG_WARN_DEPRECATED_OBJC_IMPLEMENTATIONS = YES;
				CLANG_WARN_DIRECT_OBJC_ISA_USAGE = YES_ERROR;
				CLANG_WARN_DOCUMENTATION_COMMENTS = YES;
				CLANG_WARN_EMPTY_BODY = YES;
				CLANG_WARN_ENUM_CONVERSION = YES;
				CLANG_WARN_INFINITE_RECURSION = YES;
				CLANG_WARN_INT_CONVERSION = YES;
				CLANG_WARN_NON_LITERAL_NULL_CONVERSION = YES;
				CLANG_WARN_OBJC_IMPLICIT_RETAIN_SELF = YES;
				CLANG_WARN_OBJC_LITERAL_CONVERSION = YES;
				CLANG_WARN_OBJC_ROOT_CLASS = YES_ERROR;
				CLANG_WARN_QUOTED_INCLUDE_IN_FRAMEWORK_HEADER = YES;
				CLANG_WARN_RANGE_LOOP_ANALYSIS = YES;
				CLANG_WARN_STRICT_PROTOTYPES = YES;
				CLANG_WARN_SUSPICIOUS_MOVE = YES;
				CLANG_WARN_UNGUARDED_AVAILABILITY = YES_AGGRESSIVE;
				CLANG_WARN_UNREACHABLE_CODE = YES;
				CLANG_WARN__DUPLICATE_METHOD_MATCH = YES;
				COPY_PHASE_STRIP = NO;
				DEBUG_INFORMATION_FORMAT = dwarf;
				ENABLE_STRICT_OBJC_MSGSEND = YES;
				ENABLE_TESTABILITY = YES;
				GCC_C_LANGUAGE_STANDARD = gnu11;
				GCC_DYNAMIC_NO_PIC = NO;
				GCC_NO_COMMON_BLOCKS = YES;
				GCC_OPTIMIZATION_LEVEL = 0;
				GCC_PREPROCESSOR_DEFINITIONS = (
					"DEBUG=1",
					"$(inherited)",
				);
				GCC_WARN_64_TO_32_BIT_CONVERSION = YES;
				GCC_WARN_ABOUT_RETURN_TYPE = YES_ERROR;
				GCC_WARN_UNDECLARED_SELECTOR = YES;
				GCC_WARN_UNINITIALIZED_AUTOS = YES_AGGRESSIVE;
				GCC_WARN_UNUSED_FUNCTION = YES;
				GCC_WARN_UNUSED_VARIABLE = YES;
				IPHONEOS_DEPLOYMENT_TARGET = 16.2;
				MTL_ENABLE_DEBUG_INFO = INCLUDE_SOURCE;
				MTL_FAST_MATH = YES;
				ONLY_ACTIVE_ARCH = YES;
				SDKROOT = iphoneos;
				SWIFT_ACTIVE_COMPILATION_CONDITIONS = DEBUG;
				SWIFT_OPTIMIZATION_LEVEL = "-Onone";
			};
			name = Debug;
		};
		F1A579BF2A00F40B001F803F /* Release */ = {
			isa = XCBuildConfiguration;
			buildSettings = {
				ALWAYS_SEARCH_USER_PATHS = NO;
				CLANG_ANALYZER_NONNULL = YES;
				CLANG_ANALYZER_NUMBER_OBJECT_CONVERSION = YES_AGGRESSIVE;
				CLANG_CXX_LANGUAGE_STANDARD = "gnu++20";
				CLANG_ENABLE_MODULES = YES;
				CLANG_ENABLE_OBJC_ARC = YES;
				CLANG_ENABLE_OBJC_WEAK = YES;
				CLANG_WARN_BLOCK_CAPTURE_AUTORELEASING = YES;
				CLANG_WARN_BOOL_CONVERSION = YES;
				CLANG_WARN_COMMA = YES;
				CLANG_WARN_CONSTANT_CONVERSION = YES;
				CLANG_WARN_DEPRECATED_OBJC_IMPLEMENTATIONS = YES;
				CLANG_WARN_DIRECT_OBJC_ISA_USAGE = YES_ERROR;
				CLANG_WARN_DOCUMENTATION_COMMENTS = YES;
				CLANG_WARN_EMPTY_BODY = YES;
				CLANG_WARN_ENUM_CONVERSION = YES;
				CLANG_WARN_INFINITE_RECURSION = YES;
				CLANG_WARN_INT_CONVERSION = YES;
				CLANG_WARN_NON_LITERAL_NULL_CONVERSION = YES;
				CLANG_WARN_OBJC_IMPLICIT_RETAIN_SELF = YES;
				CLANG_WARN_OBJC_LITERAL_CONVERSION = YES;
				CLANG_WARN_OBJC_ROOT_CLASS = YES_ERROR;
				CLANG_WARN_QUOTED_INCLUDE_IN_FRAMEWORK_HEADER = YES;
				CLANG_WARN_RANGE_LOOP_ANALYSIS = YES;
				CLANG_WARN_STRICT_PROTOTYPES = YES;
				CLANG_WARN_SUSPICIOUS_MOVE = YES;
				CLANG_WARN_UNGUARDED_AVAILABILITY = YES_AGGRESSIVE;
				CLANG_WARN_UNREACHABLE_CODE = YES;
				CLANG_WARN__DUPLICATE_METHOD_MATCH = YES;
				COPY_PHASE_STRIP = NO;
				DEBUG_INFORMATION_FORMAT = "dwarf-with-dsym";
				ENABLE_NS_ASSERTIONS = NO;
				ENABLE_STRICT_OBJC_MSGSEND = YES;
				GCC_C_LANGUAGE_STANDARD = gnu11;
				GCC_NO_COMMON_BLOCKS = YES;
				GCC_WARN_64_TO_32_BIT_CONVERSION = YES;
				GCC_WARN_ABOUT_RETURN_TYPE = YES_ERROR;
				GCC_WARN_UNDECLARED_SELECTOR = YES;
				GCC_WARN_UNINITIALIZED_AUTOS = YES_AGGRESSIVE;
				GCC_WARN_UNUSED_FUNCTION = YES;
				GCC_WARN_UNUSED_VARIABLE = YES;
				IPHONEOS_DEPLOYMENT_TARGET = 16.2;
				MTL_ENABLE_DEBUG_INFO = NO;
				MTL_FAST_MATH = YES;
				SDKROOT = iphoneos;
				SWIFT_COMPILATION_MODE = wholemodule;
				SWIFT_OPTIMIZATION_LEVEL = "-O";
				VALIDATE_PRODUCT = YES;
			};
			name = Release;
		};
		F1A579C12A00F40B001F803F /* Debug */ = {
			isa = XCBuildConfiguration;
			baseConfigurationReference = 0EE2948C5A3404688EBC2388 /* Pods-ios-ass3-promotion-network.debug.xcconfig */;
			buildSettings = {
				ASSETCATALOG_COMPILER_APPICON_NAME = AppIcon;
				ASSETCATALOG_COMPILER_GLOBAL_ACCENT_COLOR_NAME = AccentColor;
				CODE_SIGN_IDENTITY = "Apple Development";
				CODE_SIGN_STYLE = Automatic;
				CURRENT_PROJECT_VERSION = 1;
				DEVELOPMENT_TEAM = "";
				GENERATE_INFOPLIST_FILE = YES;
				INFOPLIST_FILE = "ios-ass3-promotion-network/Info.plist";
				INFOPLIST_KEY_UIApplicationSupportsIndirectInputEvents = YES;
				INFOPLIST_KEY_UILaunchStoryboardName = LaunchScreen;
				INFOPLIST_KEY_UIMainStoryboardFile = Main;
				INFOPLIST_KEY_UISupportedInterfaceOrientations_iPad = "UIInterfaceOrientationPortrait UIInterfaceOrientationPortraitUpsideDown UIInterfaceOrientationLandscapeLeft UIInterfaceOrientationLandscapeRight";
				INFOPLIST_KEY_UISupportedInterfaceOrientations_iPhone = "UIInterfaceOrientationPortrait UIInterfaceOrientationLandscapeLeft UIInterfaceOrientationLandscapeRight";
				LD_RUNPATH_SEARCH_PATHS = (
					"$(inherited)",
					"@executable_path/Frameworks",
				);
				MARKETING_VERSION = 1.0;
				PRODUCT_BUNDLE_IDENTIFIER = "au.edu.uts.ios-ass3-promotion-network";
				PRODUCT_NAME = "$(TARGET_NAME)";
				PROVISIONING_PROFILE_SPECIFIER = "";
				SWIFT_EMIT_LOC_STRINGS = YES;
				SWIFT_VERSION = 5.0;
				TARGETED_DEVICE_FAMILY = "1,2";
			};
			name = Debug;
		};
		F1A579C22A00F40B001F803F /* Release */ = {
			isa = XCBuildConfiguration;
			baseConfigurationReference = 54DA7B9E4A6CD99B3E119824 /* Pods-ios-ass3-promotion-network.release.xcconfig */;
			buildSettings = {
				ASSETCATALOG_COMPILER_APPICON_NAME = AppIcon;
				ASSETCATALOG_COMPILER_GLOBAL_ACCENT_COLOR_NAME = AccentColor;
				CODE_SIGN_IDENTITY = "Apple Development";
				CODE_SIGN_STYLE = Automatic;
				CURRENT_PROJECT_VERSION = 1;
				DEVELOPMENT_TEAM = "";
				GENERATE_INFOPLIST_FILE = YES;
				INFOPLIST_FILE = "ios-ass3-promotion-network/Info.plist";
				INFOPLIST_KEY_UIApplicationSupportsIndirectInputEvents = YES;
				INFOPLIST_KEY_UILaunchStoryboardName = LaunchScreen;
				INFOPLIST_KEY_UIMainStoryboardFile = Main;
				INFOPLIST_KEY_UISupportedInterfaceOrientations_iPad = "UIInterfaceOrientationPortrait UIInterfaceOrientationPortraitUpsideDown UIInterfaceOrientationLandscapeLeft UIInterfaceOrientationLandscapeRight";
				INFOPLIST_KEY_UISupportedInterfaceOrientations_iPhone = "UIInterfaceOrientationPortrait UIInterfaceOrientationLandscapeLeft UIInterfaceOrientationLandscapeRight";
				LD_RUNPATH_SEARCH_PATHS = (
					"$(inherited)",
					"@executable_path/Frameworks",
				);
				MARKETING_VERSION = 1.0;
				PRODUCT_BUNDLE_IDENTIFIER = "au.edu.uts.ios-ass3-promotion-network";
				PRODUCT_NAME = "$(TARGET_NAME)";
				PROVISIONING_PROFILE_SPECIFIER = "";
				SWIFT_EMIT_LOC_STRINGS = YES;
				SWIFT_VERSION = 5.0;
				TARGETED_DEVICE_FAMILY = "1,2";
			};
			name = Release;
		};
/* End XCBuildConfiguration section */

/* Begin XCConfigurationList section */
		F1A579A42A00F407001F803F /* Build configuration list for PBXProject "ios-ass3-promotion-network" */ = {
			isa = XCConfigurationList;
			buildConfigurations = (
				F1A579BE2A00F40B001F803F /* Debug */,
				F1A579BF2A00F40B001F803F /* Release */,
			);
			defaultConfigurationIsVisible = 0;
			defaultConfigurationName = Release;
		};
		F1A579C02A00F40B001F803F /* Build configuration list for PBXNativeTarget "ios-ass3-promotion-network" */ = {
			isa = XCConfigurationList;
			buildConfigurations = (
				F1A579C12A00F40B001F803F /* Debug */,
				F1A579C22A00F40B001F803F /* Release */,
			);
			defaultConfigurationIsVisible = 0;
			defaultConfigurationName = Release;
		};
/* End XCConfigurationList section */

/* Begin XCVersionGroup section */
		F1A579B52A00F407001F803F /* ios_ass3_promotion_network.xcdatamodeld */ = {
			isa = XCVersionGroup;
			children = (
				F1A579B62A00F407001F803F /* ios_ass3_promotion_network.xcdatamodel */,
			);
			currentVersion = F1A579B62A00F407001F803F /* ios_ass3_promotion_network.xcdatamodel */;
			path = ios_ass3_promotion_network.xcdatamodeld;
			sourceTree = "<group>";
			versionGroupType = wrapper.xcdatamodel;
		};
/* End XCVersionGroup section */
	};
	rootObject = F1A579A12A00F407001F803F /* Project object */;
}
