// !$*UTF8*$!
{
	archiveVersion = 1;
	classes = {
	};
	objectVersion = 56;
	objects = {

/* Begin PBXBuildFile section */
		BFB09EF5D7CA2005DD9DBF45 /* Pods_ios_ass3_promotion_network.framework in Frameworks */ = {isa = PBXBuildFile; fileRef = B4C515E464284B968FF842F4 /* Pods_ios_ass3_promotion_network.framework */; };
		F1205B452A10D93A00F87E4D /* AWSManager.swift in Sources */ = {isa = PBXBuildFile; fileRef = F1205B442A10D93A00F87E4D /* AWSManager.swift */; };
		F1A579AD2A00F407001F803F /* AppDelegate.swift in Sources */ = {isa = PBXBuildFile; fileRef = F1A579AC2A00F407001F803F /* AppDelegate.swift */; };
		F1A579AF2A00F407001F803F /* SceneDelegate.swift in Sources */ = {isa = PBXBuildFile; fileRef = F1A579AE2A00F407001F803F /* SceneDelegate.swift */; };
		F1A579B12A00F407001F803F /* ViewController.swift in Sources */ = {isa = PBXBuildFile; fileRef = F1A579B02A00F407001F803F /* ViewController.swift */; };
		F1A579B42A00F407001F803F /* Main.storyboard in Resources */ = {isa = PBXBuildFile; fileRef = F1A579B22A00F407001F803F /* Main.storyboard */; };
		F1A579B72A00F407001F803F /* ios_ass3_promotion_network.xcdatamodeld in Sources */ = {isa = PBXBuildFile; fileRef = F1A579B52A00F407001F803F /* ios_ass3_promotion_network.xcdatamodeld */; };
		F1A579B92A00F40B001F803F /* Assets.xcassets in Resources */ = {isa = PBXBuildFile; fileRef = F1A579B82A00F40B001F803F /* Assets.xcassets */; };
		F1A579BC2A00F40B001F803F /* LaunchScreen.storyboard in Resources */ = {isa = PBXBuildFile; fileRef = F1A579BA2A00F40B001F803F /* LaunchScreen.storyboard */; };
/* End PBXBuildFile section */

/* Begin PBXFileReference section */
		6008880787DBBF419B70C458 /* Pods-ios-ass3-promotion-network.release.xcconfig */ = {isa = PBXFileReference; includeInIndex = 1; lastKnownFileType = text.xcconfig; name = "Pods-ios-ass3-promotion-network.release.xcconfig"; path = "Target Support Files/Pods-ios-ass3-promotion-network/Pods-ios-ass3-promotion-network.release.xcconfig"; sourceTree = "<group>"; };
		9DD802925A18982423408CE1 /* Pods-ios-ass3-promotion-network.debug.xcconfig */ = {isa = PBXFileReference; includeInIndex = 1; lastKnownFileType = text.xcconfig; name = "Pods-ios-ass3-promotion-network.debug.xcconfig"; path = "Target Support Files/Pods-ios-ass3-promotion-network/Pods-ios-ass3-promotion-network.debug.xcconfig"; sourceTree = "<group>"; };
		B4C515E464284B968FF842F4 /* Pods_ios_ass3_promotion_network.framework */ = {isa = PBXFileReference; explicitFileType = wrapper.framework; includeInIndex = 0; path = Pods_ios_ass3_promotion_network.framework; sourceTree = BUILT_PRODUCTS_DIR; };
		F1205B442A10D93A00F87E4D /* AWSManager.swift */ = {isa = PBXFileReference; lastKnownFileType = sourcecode.swift; path = AWSManager.swift; sourceTree = "<group>"; };
		F1A579A92A00F407001F803F /* ios-ass3-promotion-network.app */ = {isa = PBXFileReference; explicitFileType = wrapper.application; includeInIndex = 0; path = "ios-ass3-promotion-network.app"; sourceTree = BUILT_PRODUCTS_DIR; };
		F1A579AC2A00F407001F803F /* AppDelegate.swift */ = {isa = PBXFileReference; lastKnownFileType = sourcecode.swift; path = AppDelegate.swift; sourceTree = "<group>"; };
		F1A579AE2A00F407001F803F /* SceneDelegate.swift */ = {isa = PBXFileReference; lastKnownFileType = sourcecode.swift; path = SceneDelegate.swift; sourceTree = "<group>"; };
		F1A579B02A00F407001F803F /* ViewController.swift */ = {isa = PBXFileReference; lastKnownFileType = sourcecode.swift; path = ViewController.swift; sourceTree = "<group>"; };
		F1A579B32A00F407001F803F /* Base */ = {isa = PBXFileReference; lastKnownFileType = file.storyboard; name = Base; path = Base.lproj/Main.storyboard; sourceTree = "<group>"; };
		F1A579B62A00F407001F803F /* ios_ass3_promotion_network.xcdatamodel */ = {isa = PBXFileReference; lastKnownFileType = wrapper.xcdatamodel; path = ios_ass3_promotion_network.xcdatamodel; sourceTree = "<group>"; };
		F1A579B82A00F40B001F803F /* Assets.xcassets */ = {isa = PBXFileReference; lastKnownFileType = folder.assetcatalog; path = Assets.xcassets; sourceTree = "<group>"; };
		F1A579BB2A00F40B001F803F /* Base */ = {isa = PBXFileReference; lastKnownFileType = file.storyboard; name = Base; path = Base.lproj/LaunchScreen.storyboard; sourceTree = "<group>"; };
		F1A579BD2A00F40B001F803F /* Info.plist */ = {isa = PBXFileReference; lastKnownFileType = text.plist.xml; path = Info.plist; sourceTree = "<group>"; };
/* End PBXFileReference section */

/* Begin PBXFrameworksBuildPhase section */
		F1A579A62A00F407001F803F /* Frameworks */ = {
			isa = PBXFrameworksBuildPhase;
			buildActionMask = 2147483647;
			files = (
				BFB09EF5D7CA2005DD9DBF45 /* Pods_ios_ass3_promotion_network.framework in Frameworks */,
			);
			runOnlyForDeploymentPostprocessing = 0;
		};
/* End PBXFrameworksBuildPhase section */

/* Begin PBXGroup section */
		B56BF47F2E8BB08145412823 /* Pods */ = {
			isa = PBXGroup;
			children = (
				9DD802925A18982423408CE1 /* Pods-ios-ass3-promotion-network.debug.xcconfig */,
				6008880787DBBF419B70C458 /* Pods-ios-ass3-promotion-network.release.xcconfig */,
			);
			path = Pods;
			sourceTree = "<group>";
		};
		E8E3B1660AF25747D207E85D /* Frameworks */ = {
			isa = PBXGroup;
			children = (
				B4C515E464284B968FF842F4 /* Pods_ios_ass3_promotion_network.framework */,
			);
			name = Frameworks;
			sourceTree = "<group>";
		};
		F1A579A02A00F407001F803F = {
			isa = PBXGroup;
			children = (
				F1A579AB2A00F407001F803F /* ios-ass3-promotion-network */,
				F1A579AA2A00F407001F803F /* Products */,
				B56BF47F2E8BB08145412823 /* Pods */,
				E8E3B1660AF25747D207E85D /* Frameworks */,
			);
			sourceTree = "<group>";
		};
		F1A579AA2A00F407001F803F /* Products */ = {
			isa = PBXGroup;
			children = (
				F1A579A92A00F407001F803F /* ios-ass3-promotion-network.app */,
			);
			name = Products;
			sourceTree = "<group>";
		};
		F1A579AB2A00F407001F803F /* ios-ass3-promotion-network */ = {
			isa = PBXGroup;
			children = (
				F1F8F76F2A0FD70800437A4A /* Managers */,
				F1A579AC2A00F407001F803F /* AppDelegate.swift */,
				F1A579AE2A00F407001F803F /* SceneDelegate.swift */,
				F1A579B02A00F407001F803F /* ViewController.swift */,
				F1A579B22A00F407001F803F /* Main.storyboard */,
				F1A579B82A00F40B001F803F /* Assets.xcassets */,
				F1A579BA2A00F40B001F803F /* LaunchScreen.storyboard */,
				F1A579BD2A00F40B001F803F /* Info.plist */,
				F1A579B52A00F407001F803F /* ios_ass3_promotion_network.xcdatamodeld */,
			);
			path = "ios-ass3-promotion-network";
			sourceTree = "<group>";
		};
		F1F8F76F2A0FD70800437A4A /* Managers */ = {
			isa = PBXGroup;
			children = (
				F1205B442A10D93A00F87E4D /* AWSManager.swift */,
			);
			path = Managers;
			sourceTree = "<group>";
		};
/* End PBXGroup section */

/* Begin PBXNativeTarget section */
		F1A579A82A00F407001F803F /* ios-ass3-promotion-network */ = {
			isa = PBXNativeTarget;
			buildConfigurationList = F1A579C02A00F40B001F803F /* Build configuration list for PBXNativeTarget "ios-ass3-promotion-network" */;
			buildPhases = (
				02F54617BE42B1C6F805E726 /* [CP] Check Pods Manifest.lock */,
				F1A579A52A00F407001F803F /* Sources */,
				F1A579A62A00F407001F803F /* Frameworks */,
				F1A579A72A00F407001F803F /* Resources */,
				3214F2681CFAEBCF3322D7FF /* [CP] Copy Pods Resources */,
				EB16C35110671547CF93E59D /* [CP] Embed Pods Frameworks */,
			);
			buildRules = (
			);
			dependencies = (
			);
			name = "ios-ass3-promotion-network";
			productName = "ios-ass3-promotion-network";
			productReference = F1A579A92A00F407001F803F /* ios-ass3-promotion-network.app */;
			productType = "com.apple.product-type.application";
		};
/* End PBXNativeTarget section */

/* Begin PBXProject section */
		F1A579A12A00F407001F803F /* Project object */ = {
			isa = PBXProject;
			attributes = {
				BuildIndependentTargetsInParallel = 1;
				LastSwiftUpdateCheck = 1420;
				LastUpgradeCheck = 1420;
				TargetAttributes = {
					F1A579A82A00F407001F803F = {
						CreatedOnToolsVersion = 14.2;
					};
				};
			};
			buildConfigurationList = F1A579A42A00F407001F803F /* Build configuration list for PBXProject "ios-ass3-promotion-network" */;
			compatibilityVersion = "Xcode 14.0";
			developmentRegion = en;
			hasScannedForEncodings = 0;
			knownRegions = (
				en,
				Base,
			);
			mainGroup = F1A579A02A00F407001F803F;
			productRefGroup = F1A579AA2A00F407001F803F /* Products */;
			projectDirPath = "";
			projectRoot = "";
			targets = (
				F1A579A82A00F407001F803F /* ios-ass3-promotion-network */,
			);
		};
/* End PBXProject section */

/* Begin PBXResourcesBuildPhase section */
		F1A579A72A00F407001F803F /* Resources */ = {
			isa = PBXResourcesBuildPhase;
			buildActionMask = 2147483647;
			files = (
				F1A579BC2A00F40B001F803F /* LaunchScreen.storyboard in Resources */,
				F1A579B92A00F40B001F803F /* Assets.xcassets in Resources */,
				F1A579B42A00F407001F803F /* Main.storyboard in Resources */,
			);
			runOnlyForDeploymentPostprocessing = 0;
		};
/* End PBXResourcesBuildPhase section */

/* Begin PBXShellScriptBuildPhase section */
		02F54617BE42B1C6F805E726 /* [CP] Check Pods Manifest.lock */ = {
			isa = PBXShellScriptBuildPhase;
			buildActionMask = 2147483647;
			files = (
			);
			inputFileListPaths = (
			);
			inputPaths = (
				"${PODS_PODFILE_DIR_PATH}/Podfile.lock",
				"${PODS_ROOT}/Manifest.lock",
			);
			name = "[CP] Check Pods Manifest.lock";
			outputFileListPaths = (
			);
			outputPaths = (
				"$(DERIVED_FILE_DIR)/Pods-ios-ass3-promotion-network-checkManifestLockResult.txt",
			);
			runOnlyForDeploymentPostprocessing = 0;
			shellPath = /bin/sh;
			shellScript = "diff \"${PODS_PODFILE_DIR_PATH}/Podfile.lock\" \"${PODS_ROOT}/Manifest.lock\" > /dev/null\nif [ $? != 0 ] ; then\n    # print error to STDERR\n    echo \"error: The sandbox is not in sync with the Podfile.lock. Run 'pod install' or update your CocoaPods installation.\" >&2\n    exit 1\nfi\n# This output is used by Xcode 'outputs' to avoid re-running this script phase.\necho \"SUCCESS\" > \"${SCRIPT_OUTPUT_FILE_0}\"\n";
			showEnvVarsInLog = 0;
		};
		3214F2681CFAEBCF3322D7FF /* [CP] Copy Pods Resources */ = {
			isa = PBXShellScriptBuildPhase;
			buildActionMask = 2147483647;
			files = (
			);
			inputFileListPaths = (
				"${PODS_ROOT}/Target Support Files/Pods-ios-ass3-promotion-network/Pods-ios-ass3-promotion-network-resources-${CONFIGURATION}-input-files.xcfilelist",
			);
			name = "[CP] Copy Pods Resources";
			outputFileListPaths = (
				"${PODS_ROOT}/Target Support Files/Pods-ios-ass3-promotion-network/Pods-ios-ass3-promotion-network-resources-${CONFIGURATION}-output-files.xcfilelist",
			);
			runOnlyForDeploymentPostprocessing = 0;
			shellPath = /bin/sh;
			shellScript = "\"${PODS_ROOT}/Target Support Files/Pods-ios-ass3-promotion-network/Pods-ios-ass3-promotion-network-resources.sh\"\n";
			showEnvVarsInLog = 0;
		};
		EB16C35110671547CF93E59D /* [CP] Embed Pods Frameworks */ = {
			isa = PBXShellScriptBuildPhase;
			buildActionMask = 2147483647;
			files = (
			);
			inputFileListPaths = (
				"${PODS_ROOT}/Target Support Files/Pods-ios-ass3-promotion-network/Pods-ios-ass3-promotion-network-frameworks-${CONFIGURATION}-input-files.xcfilelist",
			);
			name = "[CP] Embed Pods Frameworks";
			outputFileListPaths = (
				"${PODS_ROOT}/Target Support Files/Pods-ios-ass3-promotion-network/Pods-ios-ass3-promotion-network-frameworks-${CONFIGURATION}-output-files.xcfilelist",
			);
			runOnlyForDeploymentPostprocessing = 0;
			shellPath = /bin/sh;
			shellScript = "\"${PODS_ROOT}/Target Support Files/Pods-ios-ass3-promotion-network/Pods-ios-ass3-promotion-network-frameworks.sh\"\n";
			showEnvVarsInLog = 0;
		};
/* End PBXShellScriptBuildPhase section */

/* Begin PBXSourcesBuildPhase section */
		F1A579A52A00F407001F803F /* Sources */ = {
			isa = PBXSourcesBuildPhase;
			buildActionMask = 2147483647;
			files = (
				F1A579B12A00F407001F803F /* ViewController.swift in Sources */,
				F1A579AD2A00F407001F803F /* AppDelegate.swift in Sources */,
				F1205B452A10D93A00F87E4D /* AWSManager.swift in Sources */,
				F1A579B72A00F407001F803F /* ios_ass3_promotion_network.xcdatamodeld in Sources */,
				F1A579AF2A00F407001F803F /* SceneDelegate.swift in Sources */,
			);
			runOnlyForDeploymentPostprocessing = 0;
		};
/* End PBXSourcesBuildPhase section */

/* Begin PBXVariantGroup section */
		F1A579B22A00F407001F803F /* Main.storyboard */ = {
			isa = PBXVariantGroup;
			children = (
				F1A579B32A00F407001F803F /* Base */,
			);
			name = Main.storyboard;
			sourceTree = "<group>";
		};
		F1A579BA2A00F40B001F803F /* LaunchScreen.storyboard */ = {
			isa = PBXVariantGroup;
			children = (
				F1A579BB2A00F40B001F803F /* Base */,
			);
			name = LaunchScreen.storyboard;
			sourceTree = "<group>";
		};
/* End PBXVariantGroup section */

/* Begin XCBuildConfiguration section */
		F1A579BE2A00F40B001F803F /* Debug */ = {
			isa = XCBuildConfiguration;
			buildSettings = {
				ALWAYS_SEARCH_USER_PATHS = NO;
				CLANG_ANALYZER_NONNULL = YES;
				CLANG_ANALYZER_NUMBER_OBJECT_CONVERSION = YES_AGGRESSIVE;
				CLANG_CXX_LANGUAGE_STANDARD = "gnu++20";
				CLANG_ENABLE_MODULES = YES;
				CLANG_ENABLE_OBJC_ARC = YES;
				CLANG_ENABLE_OBJC_WEAK = YES;
				CLANG_WARN_BLOCK_CAPTURE_AUTORELEASING = YES;
				CLANG_WARN_BOOL_CONVERSION = YES;
				CLANG_WARN_COMMA = YES;
				CLANG_WARN_CONSTANT_CONVERSION = YES;
				CLANG_WARN_DEPRECATED_OBJC_IMPLEMENTATIONS = YES;
				CLANG_WARN_DIRECT_OBJC_ISA_USAGE = YES_ERROR;
				CLANG_WARN_DOCUMENTATION_COMMENTS = YES;
				CLANG_WARN_EMPTY_BODY = YES;
				CLANG_WARN_ENUM_CONVERSION = YES;
				CLANG_WARN_INFINITE_RECURSION = YES;
				CLANG_WARN_INT_CONVERSION = YES;
				CLANG_WARN_NON_LITERAL_NULL_CONVERSION = YES;
				CLANG_WARN_OBJC_IMPLICIT_RETAIN_SELF = YES;
				CLANG_WARN_OBJC_LITERAL_CONVERSION = YES;
				CLANG_WARN_OBJC_ROOT_CLASS = YES_ERROR;
				CLANG_WARN_QUOTED_INCLUDE_IN_FRAMEWORK_HEADER = YES;
				CLANG_WARN_RANGE_LOOP_ANALYSIS = YES;
				CLANG_WARN_STRICT_PROTOTYPES = YES;
				CLANG_WARN_SUSPICIOUS_MOVE = YES;
				CLANG_WARN_UNGUARDED_AVAILABILITY = YES_AGGRESSIVE;
				CLANG_WARN_UNREACHABLE_CODE = YES;
				CLANG_WARN__DUPLICATE_METHOD_MATCH = YES;
				COPY_PHASE_STRIP = NO;
				DEBUG_INFORMATION_FORMAT = dwarf;
				ENABLE_STRICT_OBJC_MSGSEND = YES;
				ENABLE_TESTABILITY = YES;
				GCC_C_LANGUAGE_STANDARD = gnu11;
				GCC_DYNAMIC_NO_PIC = NO;
				GCC_NO_COMMON_BLOCKS = YES;
				GCC_OPTIMIZATION_LEVEL = 0;
				GCC_PREPROCESSOR_DEFINITIONS = (
					"DEBUG=1",
					"$(inherited)",
				);
				GCC_WARN_64_TO_32_BIT_CONVERSION = YES;
				GCC_WARN_ABOUT_RETURN_TYPE = YES_ERROR;
				GCC_WARN_UNDECLARED_SELECTOR = YES;
				GCC_WARN_UNINITIALIZED_AUTOS = YES_AGGRESSIVE;
				GCC_WARN_UNUSED_FUNCTION = YES;
				GCC_WARN_UNUSED_VARIABLE = YES;
				IPHONEOS_DEPLOYMENT_TARGET = 16.2;
				MTL_ENABLE_DEBUG_INFO = INCLUDE_SOURCE;
				MTL_FAST_MATH = YES;
				ONLY_ACTIVE_ARCH = YES;
				SDKROOT = iphoneos;
				SWIFT_ACTIVE_COMPILATION_CONDITIONS = DEBUG;
				SWIFT_OPTIMIZATION_LEVEL = "-Onone";
			};
			name = Debug;
		};
		F1A579BF2A00F40B001F803F /* Release */ = {
			isa = XCBuildConfiguration;
			buildSettings = {
				ALWAYS_SEARCH_USER_PATHS = NO;
				CLANG_ANALYZER_NONNULL = YES;
				CLANG_ANALYZER_NUMBER_OBJECT_CONVERSION = YES_AGGRESSIVE;
				CLANG_CXX_LANGUAGE_STANDARD = "gnu++20";
				CLANG_ENABLE_MODULES = YES;
				CLANG_ENABLE_OBJC_ARC = YES;
				CLANG_ENABLE_OBJC_WEAK = YES;
				CLANG_WARN_BLOCK_CAPTURE_AUTORELEASING = YES;
				CLANG_WARN_BOOL_CONVERSION = YES;
				CLANG_WARN_COMMA = YES;
				CLANG_WARN_CONSTANT_CONVERSION = YES;
				CLANG_WARN_DEPRECATED_OBJC_IMPLEMENTATIONS = YES;
				CLANG_WARN_DIRECT_OBJC_ISA_USAGE = YES_ERROR;
				CLANG_WARN_DOCUMENTATION_COMMENTS = YES;
				CLANG_WARN_EMPTY_BODY = YES;
				CLANG_WARN_ENUM_CONVERSION = YES;
				CLANG_WARN_INFINITE_RECURSION = YES;
				CLANG_WARN_INT_CONVERSION = YES;
				CLANG_WARN_NON_LITERAL_NULL_CONVERSION = YES;
				CLANG_WARN_OBJC_IMPLICIT_RETAIN_SELF = YES;
				CLANG_WARN_OBJC_LITERAL_CONVERSION = YES;
				CLANG_WARN_OBJC_ROOT_CLASS = YES_ERROR;
				CLANG_WARN_QUOTED_INCLUDE_IN_FRAMEWORK_HEADER = YES;
				CLANG_WARN_RANGE_LOOP_ANALYSIS = YES;
				CLANG_WARN_STRICT_PROTOTYPES = YES;
				CLANG_WARN_SUSPICIOUS_MOVE = YES;
				CLANG_WARN_UNGUARDED_AVAILABILITY = YES_AGGRESSIVE;
				CLANG_WARN_UNREACHABLE_CODE = YES;
				CLANG_WARN__DUPLICATE_METHOD_MATCH = YES;
				COPY_PHASE_STRIP = NO;
				DEBUG_INFORMATION_FORMAT = "dwarf-with-dsym";
				ENABLE_NS_ASSERTIONS = NO;
				ENABLE_STRICT_OBJC_MSGSEND = YES;
				GCC_C_LANGUAGE_STANDARD = gnu11;
				GCC_NO_COMMON_BLOCKS = YES;
				GCC_WARN_64_TO_32_BIT_CONVERSION = YES;
				GCC_WARN_ABOUT_RETURN_TYPE = YES_ERROR;
				GCC_WARN_UNDECLARED_SELECTOR = YES;
				GCC_WARN_UNINITIALIZED_AUTOS = YES_AGGRESSIVE;
				GCC_WARN_UNUSED_FUNCTION = YES;
				GCC_WARN_UNUSED_VARIABLE = YES;
				IPHONEOS_DEPLOYMENT_TARGET = 16.2;
				MTL_ENABLE_DEBUG_INFO = NO;
				MTL_FAST_MATH = YES;
				SDKROOT = iphoneos;
				SWIFT_COMPILATION_MODE = wholemodule;
				SWIFT_OPTIMIZATION_LEVEL = "-O";
				VALIDATE_PRODUCT = YES;
			};
			name = Release;
		};
		F1A579C12A00F40B001F803F /* Debug */ = {
			isa = XCBuildConfiguration;
			baseConfigurationReference = 9DD802925A18982423408CE1 /* Pods-ios-ass3-promotion-network.debug.xcconfig */;
			buildSettings = {
				ASSETCATALOG_COMPILER_APPICON_NAME = AppIcon;
				ASSETCATALOG_COMPILER_GLOBAL_ACCENT_COLOR_NAME = AccentColor;
				CODE_SIGN_STYLE = Automatic;
				CURRENT_PROJECT_VERSION = 1;
				GENERATE_INFOPLIST_FILE = YES;
				INFOPLIST_FILE = "ios-ass3-promotion-network/Info.plist";
				INFOPLIST_KEY_UIApplicationSupportsIndirectInputEvents = YES;
				INFOPLIST_KEY_UILaunchStoryboardName = LaunchScreen;
				INFOPLIST_KEY_UIMainStoryboardFile = Main;
				INFOPLIST_KEY_UISupportedInterfaceOrientations_iPad = "UIInterfaceOrientationPortrait UIInterfaceOrientationPortraitUpsideDown UIInterfaceOrientationLandscapeLeft UIInterfaceOrientationLandscapeRight";
				INFOPLIST_KEY_UISupportedInterfaceOrientations_iPhone = "UIInterfaceOrientationPortrait UIInterfaceOrientationLandscapeLeft UIInterfaceOrientationLandscapeRight";
				LD_RUNPATH_SEARCH_PATHS = (
					"$(inherited)",
					"@executable_path/Frameworks",
				);
				MARKETING_VERSION = 1.0;
				PRODUCT_BUNDLE_IDENTIFIER = "au.edu.uts.ios-ass3-promotion-network";
				PRODUCT_NAME = "$(TARGET_NAME)";
				SWIFT_EMIT_LOC_STRINGS = YES;
				SWIFT_VERSION = 5.0;
				TARGETED_DEVICE_FAMILY = "1,2";
			};
			name = Debug;
		};
		F1A579C22A00F40B001F803F /* Release */ = {
			isa = XCBuildConfiguration;
			baseConfigurationReference = 6008880787DBBF419B70C458 /* Pods-ios-ass3-promotion-network.release.xcconfig */;
			buildSettings = {
				ASSETCATALOG_COMPILER_APPICON_NAME = AppIcon;
				ASSETCATALOG_COMPILER_GLOBAL_ACCENT_COLOR_NAME = AccentColor;
				CODE_SIGN_STYLE = Automatic;
				CURRENT_PROJECT_VERSION = 1;
				GENERATE_INFOPLIST_FILE = YES;
				INFOPLIST_FILE = "ios-ass3-promotion-network/Info.plist";
				INFOPLIST_KEY_UIApplicationSupportsIndirectInputEvents = YES;
				INFOPLIST_KEY_UILaunchStoryboardName = LaunchScreen;
				INFOPLIST_KEY_UIMainStoryboardFile = Main;
				INFOPLIST_KEY_UISupportedInterfaceOrientations_iPad = "UIInterfaceOrientationPortrait UIInterfaceOrientationPortraitUpsideDown UIInterfaceOrientationLandscapeLeft UIInterfaceOrientationLandscapeRight";
				INFOPLIST_KEY_UISupportedInterfaceOrientations_iPhone = "UIInterfaceOrientationPortrait UIInterfaceOrientationLandscapeLeft UIInterfaceOrientationLandscapeRight";
				LD_RUNPATH_SEARCH_PATHS = (
					"$(inherited)",
					"@executable_path/Frameworks",
				);
				MARKETING_VERSION = 1.0;
				PRODUCT_BUNDLE_IDENTIFIER = "au.edu.uts.ios-ass3-promotion-network";
				PRODUCT_NAME = "$(TARGET_NAME)";
				SWIFT_EMIT_LOC_STRINGS = YES;
				SWIFT_VERSION = 5.0;
				TARGETED_DEVICE_FAMILY = "1,2";
			};
			name = Release;
		};
/* End XCBuildConfiguration section */

/* Begin XCConfigurationList section */
		F1A579A42A00F407001F803F /* Build configuration list for PBXProject "ios-ass3-promotion-network" */ = {
			isa = XCConfigurationList;
			buildConfigurations = (
				F1A579BE2A00F40B001F803F /* Debug */,
				F1A579BF2A00F40B001F803F /* Release */,
			);
			defaultConfigurationIsVisible = 0;
			defaultConfigurationName = Release;
		};
		F1A579C02A00F40B001F803F /* Build configuration list for PBXNativeTarget "ios-ass3-promotion-network" */ = {
			isa = XCConfigurationList;
			buildConfigurations = (
				F1A579C12A00F40B001F803F /* Debug */,
				F1A579C22A00F40B001F803F /* Release */,
			);
			defaultConfigurationIsVisible = 0;
			defaultConfigurationName = Release;
		};
/* End XCConfigurationList section */

/* Begin XCVersionGroup section */
		F1A579B52A00F407001F803F /* ios_ass3_promotion_network.xcdatamodeld */ = {
			isa = XCVersionGroup;
			children = (
				F1A579B62A00F407001F803F /* ios_ass3_promotion_network.xcdatamodel */,
			);
			currentVersion = F1A579B62A00F407001F803F /* ios_ass3_promotion_network.xcdatamodel */;
			path = ios_ass3_promotion_network.xcdatamodeld;
			sourceTree = "<group>";
			versionGroupType = wrapper.xcdatamodel;
		};
/* End XCVersionGroup section */
	};
	rootObject = F1A579A12A00F407001F803F /* Project object */;
}
